
Microsoft Visual Studio Solution File, Format Version 12.00
# Visual Studio 15
VisualStudioVersion = 15.0.28010.2050
MinimumVisualStudioVersion = 10.0.40219.1
Project("{FAE04EC0-301F-11D3-BF4B-00C04F79EFBC}") = "FriscCoreGen", "FriscCoreGen\FriscCoreGen.csproj", "{5F33D0EC-3205-4A0D-9599-C581E6F36ACF}"
EndProject
Global
	GlobalSection(SolutionConfigurationPlatforms) = preSolution
		Debug|Any CPU = Debug|Any CPU
		Release|Any CPU = Release|Any CPU
	EndGlobalSection
	GlobalSection(ProjectConfigurationPlatforms) = postSolution
		{5F33D0EC-3205-4A0D-9599-C581E6F36ACF}.Debug|Any CPU.ActiveCfg = Debug|Any CPU
		{5F33D0EC-3205-4A0D-9599-C581E6F36ACF}.Debug|Any CPU.Build.0 = Debug|Any CPU
		{5F33D0EC-3205-4A0D-9599-C581E6F36ACF}.Release|Any CPU.ActiveCfg = Release|Any CPU
		{5F33D0EC-3205-4A0D-9599-C581E6F36ACF}.Release|Any CPU.Build.0 = Release|Any CPU
	EndGlobalSection
	GlobalSection(SolutionProperties) = preSolution
		HideSolutionNode = FALSE
	EndGlobalSection
	GlobalSection(ExtensibilityGlobals) = postSolution
		SolutionGuid = {9C63AC4E-AABD-4188-8ED9-17669B50A62D}
	EndGlobalSection
EndGlobal
