<?xml version="1.0" encoding="utf-8"?>
<Project ToolsVersion="16.0" xmlns="http://schemas.microsoft.com/developer/msbuild/2003">
  <ItemGroup>
    <ClCompile Include="D:\cores2020\rtf64\v2\software\CC64\source\BasicBlock.cpp">
      <Filter>Source Files</Filter>
    </ClCompile>
    <ClCompile Include="D:\cores2020\rtf64\v2\software\CC64\source\CFG.cpp">
      <Filter>Source Files</Filter>
    </ClCompile>
    <ClCompile Include="D:\cores2020\rtf64\v2\software\CC64\source\Cmain.cpp">
      <Filter>Source Files</Filter>
    </ClCompile>
    <ClCompile Include="D:\cores2020\rtf64\v2\software\CC64\source\CodeGenerator.cpp">
      <Filter>Source Files</Filter>
    </ClCompile>
    <ClCompile Include="D:\cores2020\rtf64\v2\software\CC64\source\Compiler.cpp">
      <Filter>Source Files</Filter>
    </ClCompile>
    <ClCompile Include="D:\cores2020\rtf64\v2\software\CC64\source\Cpu.cpp">
      <Filter>Source Files</Filter>
    </ClCompile>
    <ClCompile Include="D:\cores2020\rtf64\v2\software\CC64\source\CSE.cpp">
      <Filter>Source Files</Filter>
    </ClCompile>
    <ClCompile Include="D:\cores2020\rtf64\v2\software\CC64\source\CSETable.cpp">
      <Filter>Source Files</Filter>
    </ClCompile>
    <ClCompile Include="D:\cores2020\rtf64\v2\software\CC64\source\Declaration.cpp">
      <Filter>Source Files</Filter>
    </ClCompile>
    <ClCompile Include="D:\cores2020\rtf64\v2\software\CC64\source\ENODE.cpp">
      <Filter>Source Files</Filter>
    </ClCompile>
    <ClCompile Include="D:\cores2020\rtf64\v2\software\CC64\source\err.cpp">
      <Filter>Source Files</Filter>
    </ClCompile>
    <ClCompile Include="D:\cores2020\rtf64\v2\software\CC64\source\Expression.cpp">
      <Filter>Source Files</Filter>
    </ClCompile>
    <ClCompile Include="D:\cores2020\rtf64\v2\software\CC64\source\ExpressionFactory.cpp">
      <Filter>Source Files</Filter>
    </ClCompile>
    <ClCompile Include="D:\cores2020\rtf64\v2\software\CC64\source\Float128.cpp">
      <Filter>Source Files</Filter>
    </ClCompile>
    <ClCompile Include="D:\cores2020\rtf64\v2\software\CC64\source\Forcefit.cpp">
      <Filter>Source Files</Filter>
    </ClCompile>
    <ClCompile Include="D:\cores2020\rtf64\v2\software\CC64\source\Forest.cpp">
      <Filter>Source Files</Filter>
    </ClCompile>
    <ClCompile Include="D:\cores2020\rtf64\v2\software\CC64\source\Function.cpp">
      <Filter>Source Files</Filter>
    </ClCompile>
    <ClCompile Include="D:\cores2020\rtf64\v2\software\CC64\source\FunctionFactory.cpp">
      <Filter>Source Files</Filter>
    </ClCompile>
    <ClCompile Include="D:\cores2020\rtf64\v2\software\CC64\source\GenerateBitfield.cpp">
      <Filter>Source Files</Filter>
    </ClCompile>
    <ClCompile Include="D:\cores2020\rtf64\v2\software\CC64\source\GenerateStatement.cpp">
      <Filter>Source Files</Filter>
    </ClCompile>
    <ClCompile Include="D:\cores2020\rtf64\v2\software\CC64\source\glo.cpp">
      <Filter>Source Files</Filter>
    </ClCompile>
    <ClCompile Include="D:\cores2020\rtf64\v2\software\CC64\source\IdentifyKeyword.cpp">
      <Filter>Source Files</Filter>
    </ClCompile>
    <ClCompile Include="D:\cores2020\rtf64\v2\software\CC64\source\IGraph.cpp">
      <Filter>Source Files</Filter>
    </ClCompile>
    <ClCompile Include="D:\cores2020\rtf64\v2\software\CC64\source\Initializers.cpp">
      <Filter>Source Files</Filter>
    </ClCompile>
    <ClCompile Include="D:\cores2020\rtf64\v2\software\CC64\source\Instruction.cpp">
      <Filter>Source Files</Filter>
    </ClCompile>
    <ClCompile Include="D:\cores2020\rtf64\v2\software\CC64\source\Int128.cpp">
      <Filter>Source Files</Filter>
    </ClCompile>
    <ClCompile Include="D:\cores2020\rtf64\v2\software\CC64\source\Int256.cpp">
      <Filter>Source Files</Filter>
    </ClCompile>
    <ClCompile Include="D:\cores2020\rtf64\v2\software\CC64\source\Int80.cpp">
      <Filter>Source Files</Filter>
    </ClCompile>
    <ClCompile Include="D:\cores2020\rtf64\v2\software\CC64\source\Intexpr.cpp">
      <Filter>Source Files</Filter>
    </ClCompile>
    <ClCompile Include="D:\cores2020\rtf64\v2\software\CC64\source\List.cpp">
      <Filter>Source Files</Filter>
    </ClCompile>
    <ClCompile Include="D:\cores2020\rtf64\v2\software\CC64\source\MachineReg.cpp">
      <Filter>Source Files</Filter>
    </ClCompile>
    <ClCompile Include="D:\cores2020\rtf64\v2\software\CC64\source\MemoryManagement.cpp">
      <Filter>Source Files</Filter>
    </ClCompile>
    <ClCompile Include="D:\cores2020\rtf64\v2\software\CC64\source\NextToken.cpp">
      <Filter>Source Files</Filter>
    </ClCompile>
    <ClCompile Include="D:\cores2020\rtf64\v2\software\CC64\source\Object.cpp">
      <Filter>Source Files</Filter>
    </ClCompile>
    <ClCompile Include="D:\cores2020\rtf64\v2\software\CC64\source\ocode.cpp">
      <Filter>Source Files</Filter>
    </ClCompile>
    <ClCompile Include="D:\cores2020\rtf64\v2\software\CC64\source\Operand.cpp">
      <Filter>Source Files</Filter>
    </ClCompile>
    <ClCompile Include="D:\cores2020\rtf64\v2\software\CC64\source\OperandFactory.cpp">
      <Filter>Source Files</Filter>
    </ClCompile>
    <ClCompile Include="D:\cores2020\rtf64\v2\software\CC64\source\Optimize.cpp">
      <Filter>Source Files</Filter>
    </ClCompile>
    <ClCompile Include="D:\cores2020\rtf64\v2\software\CC64\source\Outcode.cpp">
      <Filter>Source Files</Filter>
    </ClCompile>
    <ClCompile Include="D:\cores2020\rtf64\v2\software\CC64\source\ParseClassDeclaration.cpp">
      <Filter>Source Files</Filter>
    </ClCompile>
    <ClCompile Include="D:\cores2020\rtf64\v2\software\CC64\source\ParseDeclarations.cpp">
      <Filter>Source Files</Filter>
    </ClCompile>
    <ClCompile Include="D:\cores2020\rtf64\v2\software\CC64\source\ParseEnumDeclaration.cpp">
      <Filter>Source Files</Filter>
    </ClCompile>
    <ClCompile Include="D:\cores2020\rtf64\v2\software\CC64\source\ParseExpressions.cpp">
      <Filter>Source Files</Filter>
    </ClCompile>
    <ClCompile Include="D:\cores2020\rtf64\v2\software\CC64\source\Peepgen.cpp">
      <Filter>Source Files</Filter>
    </ClCompile>
    <ClCompile Include="D:\cores2020\rtf64\v2\software\CC64\source\PeepList.cpp">
      <Filter>Source Files</Filter>
    </ClCompile>
    <ClCompile Include="D:\cores2020\rtf64\v2\software\CC64\source\Posit16.cpp">
      <Filter>Source Files</Filter>
    </ClCompile>
    <ClCompile Include="D:\cores2020\rtf64\v2\software\CC64\source\Posit32.cpp">
      <Filter>Source Files</Filter>
    </ClCompile>
    <ClCompile Include="D:\cores2020\rtf64\v2\software\CC64\source\Posit64.cpp">
      <Filter>Source Files</Filter>
    </ClCompile>
    <ClCompile Include="D:\cores2020\rtf64\v2\software\CC64\source\Posit64DividerLUT.cpp">
      <Filter>Source Files</Filter>
    </ClCompile>
    <ClCompile Include="D:\cores2020\rtf64\v2\software\CC64\source\Preprocessor.cpp">
      <Filter>Source Files</Filter>
    </ClCompile>
    <ClCompile Include="D:\cores2020\rtf64\v2\software\CC64\source\rand.cpp">
      <Filter>Source Files</Filter>
    </ClCompile>
    <ClCompile Include="D:\cores2020\rtf64\v2\software\CC64\source\Register.cpp">
      <Filter>Source Files</Filter>
    </ClCompile>
    <ClCompile Include="D:\cores2020\rtf64\v2\software\CC64\source\RTF64.cpp">
      <Filter>Source Files</Filter>
    </ClCompile>
    <ClCompile Include="D:\cores2020\rtf64\v2\software\CC64\source\rtrim.cpp">
      <Filter>Source Files</Filter>
    </ClCompile>
    <ClCompile Include="D:\cores2020\rtf64\v2\software\CC64\source\searchenv.cpp">
      <Filter>Source Files</Filter>
    </ClCompile>
    <ClCompile Include="D:\cores2020\rtf64\v2\software\CC64\source\Set.cpp">
      <Filter>Source Files</Filter>
    </ClCompile>
    <ClCompile Include="D:\cores2020\rtf64\v2\software\CC64\source\Statement.cpp">
      <Filter>Source Files</Filter>
    </ClCompile>
    <ClCompile Include="D:\cores2020\rtf64\v2\software\CC64\source\StatementFactory.cpp">
      <Filter>Source Files</Filter>
    </ClCompile>
    <ClCompile Include="D:\cores2020\rtf64\v2\software\CC64\source\stdafx.cpp">
      <Filter>Source Files</Filter>
    </ClCompile>
    <ClCompile Include="D:\cores2020\rtf64\v2\software\CC64\source\StructDeclaration.cpp">
      <Filter>Source Files</Filter>
    </ClCompile>
    <ClCompile Include="D:\cores2020\rtf64\v2\software\CC64\source\Symbol.cpp">
      <Filter>Source Files</Filter>
    </ClCompile>
    <ClCompile Include="D:\cores2020\rtf64\v2\software\CC64\source\Table.cpp">
      <Filter>Source Files</Filter>
    </ClCompile>
    <ClCompile Include="D:\cores2020\rtf64\v2\software\CC64\source\temp.cpp">
      <Filter>Source Files</Filter>
    </ClCompile>
    <ClCompile Include="D:\cores2020\rtf64\v2\software\CC64\source\Tree.cpp">
      <Filter>Source Files</Filter>
    </ClCompile>
    <ClCompile Include="D:\cores2020\rtf64\v2\software\CC64\source\txtStream.cpp">
      <Filter>Source Files</Filter>
    </ClCompile>
    <ClCompile Include="D:\cores2020\rtf64\v2\software\CC64\source\Type.cpp">
      <Filter>Source Files</Filter>
    </ClCompile>
    <ClCompile Include="D:\cores2020\rtf64\v2\software\CC64\source\TypeArray.cpp">
      <Filter>Source Files</Filter>
    </ClCompile>
    <ClCompile Include="D:\cores2020\rtf64\v2\software\CC64\source\Utility.cpp">
      <Filter>Source Files</Filter>
    </ClCompile>
    <ClCompile Include="D:\cores2020\rtf64\v2\software\CC64\source\Value.cpp">
      <Filter>Source Files</Filter>
    </ClCompile>
    <ClCompile Include="D:\cores2020\rtf64\v2\software\CC64\source\Var.cpp">
      <Filter>Source Files</Filter>
    </ClCompile>
    <ClCompile Include="D:\cores2020\rtf64\v2\software\CC64\source\xstoul.cpp">
      <Filter>Source Files</Filter>
    </ClCompile>
    <ClCompile Include="D:\cores2020\rtf64\v2\software\CC64\source\xtolower.cpp">
      <Filter>Source Files</Filter>
    </ClCompile>
  </ItemGroup>
  <ItemGroup>
    <CustomBuild Include="D:\cores2020\rtf64\v2\software\CC64\source\CMakeLists.txt" />
  </ItemGroup>
  <ItemGroup>
    <None Include="D:\cores2020\rtf64\v2\software\CC64\source\LTRIM.Cpp" />
  </ItemGroup>
  <ItemGroup>
    <Filter Include="Source Files">
      <UniqueIdentifier>{5EFDBA09-2473-3578-8D54-4C5814753DED}</UniqueIdentifier>
    </Filter>
  </ItemGroup>
</Project>
