<?xml version="1.0" encoding="utf-8"?>
<Project ToolsVersion="4.0" xmlns="http://schemas.microsoft.com/developer/msbuild/2003">
  <ItemGroup>
    <Filter Include="Source Files">
      <UniqueIdentifier>{4FC737F1-C7A5-4376-A066-2A32D752A2FF}</UniqueIdentifier>
      <Extensions>cpp;c;cc;cxx;def;odl;idl;hpj;bat;asm;asmx</Extensions>
    </Filter>
    <Filter Include="Header Files">
      <UniqueIdentifier>{93995380-89BD-4b04-88EB-625FBE52EBFB}</UniqueIdentifier>
      <Extensions>h;hpp;hxx;hm;inl;inc;xsd</Extensions>
    </Filter>
    <Filter Include="Resource Files">
      <UniqueIdentifier>{67DA6AB6-F800-4c08-8B7A-83BB121AAD01}</UniqueIdentifier>
      <Extensions>rc;ico;cur;bmp;dlg;rc2;rct;bin;rgs;gif;jpg;jpeg;jpe;resx;tiff;tif;png;wav;mfcribbon-ms</Extensions>
    </Filter>
  </ItemGroup>
  <ItemGroup>
    <None Include="ReadMe.txt" />
    <None Include="app.ico">
      <Filter>Resource Files</Filter>
    </None>
  </ItemGroup>
  <ItemGroup>
    <ClCompile Include="E64.cpp">
      <Filter>Source Files</Filter>
    </ClCompile>
    <ClCompile Include="AssemblyInfo.cpp">
      <Filter>Source Files</Filter>
    </ClCompile>
    <ClCompile Include="stdafx.cpp">
      <Filter>Source Files</Filter>
    </ClCompile>
    <ClCompile Include="clsCPU.cpp">
      <Filter>Source Files</Filter>
    </ClCompile>
    <ClCompile Include="clsKeyboard.cpp">
      <Filter>Source Files</Filter>
    </ClCompile>
    <ClCompile Include="frmScreen.cpp">
      <Filter>Source Files</Filter>
    </ClCompile>
    <ClCompile Include="clsSystem.cpp">
      <Filter>Source Files</Filter>
    </ClCompile>
    <ClCompile Include="clsPIC.cpp">
      <Filter>Source Files</Filter>
    </ClCompile>
    <ClCompile Include="frmInterrupts.cpp">
      <Filter>Source Files</Filter>
    </ClCompile>
    <ClCompile Include="frmMain.cpp">
      <Filter>Source Files</Filter>
    </ClCompile>
    <ClCompile Include="frmRegisters.cpp">
      <Filter>Source Files</Filter>
    </ClCompile>
    <ClCompile Include="frmBreakpoint.cpp">
      <Filter>Source Files</Filter>
    </ClCompile>
    <ClCompile Include="frmKeyboard.cpp">
      <Filter>Source Files</Filter>
    </ClCompile>
    <ClCompile Include="frmAbout.cpp">
      <Filter>Source Files</Filter>
    </ClCompile>
    <ClCompile Include="frmPCS.cpp">
      <Filter>Source Files</Filter>
    </ClCompile>
    <ClCompile Include="frmStack.cpp">
      <Filter>Source Files</Filter>
    </ClCompile>
    <ClCompile Include="frmMemory.cpp">
      <Filter>Source Files</Filter>
    </ClCompile>
    <ClCompile Include="Disassem.cpp">
      <Filter>Source Files</Filter>
    </ClCompile>
    <ClCompile Include="frmAsmDisplay.cpp">
      <Filter>Source Files</Filter>
    </ClCompile>
  </ItemGroup>
  <ItemGroup>
    <ClInclude Include="Form1.h">
      <Filter>Header Files</Filter>
    </ClInclude>
    <ClInclude Include="stdafx.h">
      <Filter>Header Files</Filter>
    </ClInclude>
    <ClInclude Include="resource.h">
      <Filter>Header Files</Filter>
    </ClInclude>
    <ClInclude Include="clsCPU.h">
      <Filter>Header Files</Filter>
    </ClInclude>
    <ClInclude Include="clsDevice.h">
      <Filter>Header Files</Filter>
    </ClInclude>
    <ClInclude Include="clsKeyboard.h">
      <Filter>Header Files</Filter>
    </ClInclude>
    <ClInclude Include="Instructions.h">
      <Filter>Header Files</Filter>
    </ClInclude>
    <ClInclude Include="frmScreen.h">
      <Filter>Header Files</Filter>
    </ClInclude>
    <ClInclude Include="clsSystem.h">
      <Filter>Header Files</Filter>
    </ClInclude>
    <ClInclude Include="clsPIC.h">
      <Filter>Header Files</Filter>
    </ClInclude>
    <ClInclude Include="frmInterrupts.h">
      <Filter>Header Files</Filter>
    </ClInclude>
    <ClInclude Include="frmMain.h">
      <Filter>Header Files</Filter>
    </ClInclude>
    <ClInclude Include="frmRegisters.h">
      <Filter>Header Files</Filter>
    </ClInclude>
    <ClInclude Include="frmBreakpoint.h">
      <Filter>Header Files</Filter>
    </ClInclude>
    <ClInclude Include="frmKeyboard.h">
      <Filter>Header Files</Filter>
    </ClInclude>
    <ClInclude Include="frmAbout.h">
      <Filter>Header Files</Filter>
    </ClInclude>
    <ClInclude Include="frmPCS.h">
      <Filter>Header Files</Filter>
    </ClInclude>
    <ClInclude Include="frmStack.h">
      <Filter>Header Files</Filter>
    </ClInclude>
    <ClInclude Include="frmMemory.h">
      <Filter>Header Files</Filter>
    </ClInclude>
    <ClInclude Include="Disassem.h">
      <Filter>Header Files</Filter>
    </ClInclude>
    <ClInclude Include="frmAsmDisplay.h">
      <Filter>Header Files</Filter>
    </ClInclude>
  </ItemGroup>
  <ItemGroup>
    <ResourceCompile Include="app.rc">
      <Filter>Resource Files</Filter>
    </ResourceCompile>
  </ItemGroup>
  <ItemGroup>
    <EmbeddedResource Include="frmRegisters.resX">
      <Filter>Resource Files</Filter>
    </EmbeddedResource>
    <EmbeddedResource Include="Form1.resX">
      <Filter>Resource Files</Filter>
    </EmbeddedResource>
    <EmbeddedResource Include="frmAbout.resx">
      <Filter>Resource Files</Filter>
    </EmbeddedResource>
    <EmbeddedResource Include="frmBreakpoint.resx">
      <Filter>Resource Files</Filter>
    </EmbeddedResource>
    <EmbeddedResource Include="frmInterrupts.resx">
      <Filter>Resource Files</Filter>
    </EmbeddedResource>
    <EmbeddedResource Include="frmKeyboard.resx">
      <Filter>Resource Files</Filter>
    </EmbeddedResource>
    <EmbeddedResource Include="frmMain.resx">
      <Filter>Resource Files</Filter>
    </EmbeddedResource>
    <EmbeddedResource Include="frmMemory.resx">
      <Filter>Resource Files</Filter>
    </EmbeddedResource>
    <EmbeddedResource Include="frmPCS.resx">
      <Filter>Resource Files</Filter>
    </EmbeddedResource>
    <EmbeddedResource Include="frmScreen.resx">
      <Filter>Resource Files</Filter>
    </EmbeddedResource>
    <EmbeddedResource Include="frmStack.resx">
      <Filter>Resource Files</Filter>
    </EmbeddedResource>
  </ItemGroup>
</Project>